
Microsoft Visual Studio Solution File, Format Version 12.00
# Visual Studio Version 17
VisualStudioVersion = 17.0.31903.59
MinimumVisualStudioVersion = 10.0.40219.1
Project("{FAE04EC0-301F-11D3-BF4B-00C04F79EFBC}") = "Host", "Host\Host.csproj", "{57AA9680-AB0E-491B-994F-86A8F2E155A2}"
EndProject
Project("{FAE04EC0-301F-11D3-BF4B-00C04F79EFBC}") = "Producer", "Producer\Producer.csproj", "{AB82326B-168E-44A7-B78E-225B876236B9}"
EndProject
Project("{FAE04EC0-301F-11D3-BF4B-00C04F79EFBC}") = "Consumer", "Consumer\Consumer.csproj", "{1BCBD108-0CE9-4BBD-89D1-113C272F1DEF}"
EndProject
Global
	GlobalSection(SolutionConfigurationPlatforms) = preSolution
		Debug|Any CPU = Debug|Any CPU
		Release|Any CPU = Release|Any CPU
	EndGlobalSection
	GlobalSection(ProjectConfigurationPlatforms) = postSolution
		{57AA9680-AB0E-491B-994F-86A8F2E155A2}.Debug|Any CPU.ActiveCfg = Debug|Any CPU
		{57AA9680-AB0E-491B-994F-86A8F2E155A2}.Debug|Any CPU.Build.0 = Debug|Any CPU
		{57AA9680-AB0E-491B-994F-86A8F2E155A2}.Release|Any CPU.ActiveCfg = Release|Any CPU
		{57AA9680-AB0E-491B-994F-86A8F2E155A2}.Release|Any CPU.Build.0 = Release|Any CPU
		{AB82326B-168E-44A7-B78E-225B876236B9}.Debug|Any CPU.ActiveCfg = Debug|Any CPU
		{AB82326B-168E-44A7-B78E-225B876236B9}.Debug|Any CPU.Build.0 = Debug|Any CPU
		{AB82326B-168E-44A7-B78E-225B876236B9}.Release|Any CPU.ActiveCfg = Release|Any CPU
		{AB82326B-168E-44A7-B78E-225B876236B9}.Release|Any CPU.Build.0 = Release|Any CPU
		{1BCBD108-0CE9-4BBD-89D1-113C272F1DEF}.Debug|Any CPU.ActiveCfg = Debug|Any CPU
		{1BCBD108-0CE9-4BBD-89D1-113C272F1DEF}.Debug|Any CPU.Build.0 = Debug|Any CPU
		{1BCBD108-0CE9-4BBD-89D1-113C272F1DEF}.Release|Any CPU.ActiveCfg = Release|Any CPU
		{1BCBD108-0CE9-4BBD-89D1-113C272F1DEF}.Release|Any CPU.Build.0 = Release|Any CPU
	EndGlobalSection
	GlobalSection(SolutionProperties) = preSolution
		HideSolutionNode = FALSE
	EndGlobalSection
EndGlobal
